
Microsoft Visual Studio Solution File, Format Version 12.00
# Visual Studio Version 17
VisualStudioVersion = 17.8.34330.188
MinimumVisualStudioVersion = 10.0.40219.1
Project("{FAE04EC0-301F-11D3-BF4B-00C04F79EFBC}") = "Safari", "Safari.csproj", "{3F9A3E90-5A2A-44B8-85B1-5B6972BC4279}"
EndProject
Project("{FAE04EC0-301F-11D3-BF4B-00C04F79EFBC}") = "Test", "Test\Test.csproj", "{0A1E64AE-D0ED-E6EE-0445-2888C87C6BF3}"
EndProject
Global
	GlobalSection(SolutionConfigurationPlatforms) = preSolution
		Debug|Any CPU = Debug|Any CPU
		Debug|x64 = Debug|x64
		Release|Any CPU = Release|Any CPU
		Release|x64 = Release|x64
	EndGlobalSection
	GlobalSection(ProjectConfigurationPlatforms) = postSolution
		{3F9A3E90-5A2A-44B8-85B1-5B6972BC4279}.Debug|Any CPU.ActiveCfg = Debug|Any CPU
		{3F9A3E90-5A2A-44B8-85B1-5B6972BC4279}.Debug|Any CPU.Build.0 = Debug|Any CPU
		{3F9A3E90-5A2A-44B8-85B1-5B6972BC4279}.Debug|x64.ActiveCfg = Debug|x64
		{3F9A3E90-5A2A-44B8-85B1-5B6972BC4279}.Debug|x64.Build.0 = Debug|x64
		{3F9A3E90-5A2A-44B8-85B1-5B6972BC4279}.Release|Any CPU.ActiveCfg = Release|Any CPU
		{3F9A3E90-5A2A-44B8-85B1-5B6972BC4279}.Release|Any CPU.Build.0 = Release|Any CPU
		{3F9A3E90-5A2A-44B8-85B1-5B6972BC4279}.Release|x64.ActiveCfg = Release|x64
		{3F9A3E90-5A2A-44B8-85B1-5B6972BC4279}.Release|x64.Build.0 = Release|x64
		{0A1E64AE-D0ED-E6EE-0445-2888C87C6BF3}.Debug|Any CPU.ActiveCfg = Debug|Any CPU
		{0A1E64AE-D0ED-E6EE-0445-2888C87C6BF3}.Debug|Any CPU.Build.0 = Debug|Any CPU
		{0A1E64AE-D0ED-E6EE-0445-2888C87C6BF3}.Debug|x64.ActiveCfg = Debug|Any CPU
		{0A1E64AE-D0ED-E6EE-0445-2888C87C6BF3}.Debug|x64.Build.0 = Debug|Any CPU
		{0A1E64AE-D0ED-E6EE-0445-2888C87C6BF3}.Release|Any CPU.ActiveCfg = Release|Any CPU
		{0A1E64AE-D0ED-E6EE-0445-2888C87C6BF3}.Release|Any CPU.Build.0 = Release|Any CPU
		{0A1E64AE-D0ED-E6EE-0445-2888C87C6BF3}.Release|x64.ActiveCfg = Release|Any CPU
		{0A1E64AE-D0ED-E6EE-0445-2888C87C6BF3}.Release|x64.Build.0 = Release|Any CPU
	EndGlobalSection
	GlobalSection(SolutionProperties) = preSolution
		HideSolutionNode = FALSE
	EndGlobalSection
	GlobalSection(ExtensibilityGlobals) = postSolution
		SolutionGuid = {0595E460-4462-4916-96F1-6C82E448B778}
	EndGlobalSection
EndGlobal
